
Microsoft Visual Studio Solution File, Format Version 12.00
# Visual Studio 2012
Project("{FAE04EC0-301F-11D3-BF4B-00C04F79EFBC}") = "QuantifiedDevVisualStudioExtension", "QuantifiedDevVisualStudioExtension\QuantifiedDevVisualStudioExtension.csproj", "{006D2FE2-FDCA-47E2-9B60-EE565514417E}"
EndProject
Global
	GlobalSection(SolutionConfigurationPlatforms) = preSolution
		Debug|Any CPU = Debug|Any CPU
		Release|Any CPU = Release|Any CPU
	EndGlobalSection
	GlobalSection(ProjectConfigurationPlatforms) = postSolution
		{006D2FE2-FDCA-47E2-9B60-EE565514417E}.Debug|Any CPU.ActiveCfg = Debug|Any CPU
		{006D2FE2-FDCA-47E2-9B60-EE565514417E}.Debug|Any CPU.Build.0 = Debug|Any CPU
		{006D2FE2-FDCA-47E2-9B60-EE565514417E}.Release|Any CPU.ActiveCfg = Release|Any CPU
		{006D2FE2-FDCA-47E2-9B60-EE565514417E}.Release|Any CPU.Build.0 = Release|Any CPU
	EndGlobalSection
	GlobalSection(SolutionProperties) = preSolution
		HideSolutionNode = FALSE
	EndGlobalSection
EndGlobal
